// !$*UTF8*$!
{
	archiveVersion = 1;
	classes = {
	};
	objectVersion = 56;
	objects = {

/* Begin PBXBuildFile section */
		926517052A41C9B3002FDFB2 /* UIApplication+Extension.swift in Sources */ = {isa = PBXBuildFile; fileRef = 926517042A41C9B3002FDFB2 /* UIApplication+Extension.swift */; };
		92844FF62A3F2E5900A10FAC /* DetailView.swift in Sources */ = {isa = PBXBuildFile; fileRef = 92844FF52A3F2E5900A10FAC /* DetailView.swift */; };
		92AE00912A3C89F60098C1BC /* FootLeagueApp.swift in Sources */ = {isa = PBXBuildFile; fileRef = 92AE00902A3C89F60098C1BC /* FootLeagueApp.swift */; };
		92AE00932A3C89F60098C1BC /* ContentView.swift in Sources */ = {isa = PBXBuildFile; fileRef = 92AE00922A3C89F60098C1BC /* ContentView.swift */; };
		92AE00952A3C89F80098C1BC /* Assets.xcassets in Resources */ = {isa = PBXBuildFile; fileRef = 92AE00942A3C89F80098C1BC /* Assets.xcassets */; };
		92AE00982A3C89F80098C1BC /* Preview Assets.xcassets in Resources */ = {isa = PBXBuildFile; fileRef = 92AE00972A3C89F80098C1BC /* Preview Assets.xcassets */; };
		92AE00A22A3C8AE10098C1BC /* League.swift in Sources */ = {isa = PBXBuildFile; fileRef = 92AE00A12A3C8AE10098C1BC /* League.swift */; };
		92AE00A42A3C8BEA0098C1BC /* SoccerLeagueViewModel.swift in Sources */ = {isa = PBXBuildFile; fileRef = 92AE00A32A3C8BEA0098C1BC /* SoccerLeagueViewModel.swift */; };
		92AE00A62A3C8F990098C1BC /* Team.swift in Sources */ = {isa = PBXBuildFile; fileRef = 92AE00A52A3C8F990098C1BC /* Team.swift */; };
		92AE00C52A3DAF190098C1BC /* URLComponents+Extension.swift in Sources */ = {isa = PBXBuildFile; fileRef = 92AE00C42A3DAF190098C1BC /* URLComponents+Extension.swift */; };
/* End PBXBuildFile section */

/* Begin PBXFileReference section */
		926517042A41C9B3002FDFB2 /* UIApplication+Extension.swift */ = {isa = PBXFileReference; lastKnownFileType = sourcecode.swift; path = "UIApplication+Extension.swift"; sourceTree = "<group>"; };
		92844FF52A3F2E5900A10FAC /* DetailView.swift */ = {isa = PBXFileReference; lastKnownFileType = sourcecode.swift; path = DetailView.swift; sourceTree = "<group>"; };
		92AE008D2A3C89F60098C1BC /* FootLeague.app */ = {isa = PBXFileReference; explicitFileType = wrapper.application; includeInIndex = 0; path = FootLeague.app; sourceTree = BUILT_PRODUCTS_DIR; };
		92AE00902A3C89F60098C1BC /* FootLeagueApp.swift */ = {isa = PBXFileReference; lastKnownFileType = sourcecode.swift; path = FootLeagueApp.swift; sourceTree = "<group>"; };
		92AE00922A3C89F60098C1BC /* ContentView.swift */ = {isa = PBXFileReference; lastKnownFileType = sourcecode.swift; path = ContentView.swift; sourceTree = "<group>"; };
		92AE00942A3C89F80098C1BC /* Assets.xcassets */ = {isa = PBXFileReference; lastKnownFileType = folder.assetcatalog; path = Assets.xcassets; sourceTree = "<group>"; };
		92AE00972A3C89F80098C1BC /* Preview Assets.xcassets */ = {isa = PBXFileReference; lastKnownFileType = folder.assetcatalog; path = "Preview Assets.xcassets"; sourceTree = "<group>"; };
		92AE00A12A3C8AE10098C1BC /* League.swift */ = {isa = PBXFileReference; lastKnownFileType = sourcecode.swift; path = League.swift; sourceTree = "<group>"; };
		92AE00A32A3C8BEA0098C1BC /* SoccerLeagueViewModel.swift */ = {isa = PBXFileReference; lastKnownFileType = sourcecode.swift; path = SoccerLeagueViewModel.swift; sourceTree = "<group>"; };
		92AE00A52A3C8F990098C1BC /* Team.swift */ = {isa = PBXFileReference; lastKnownFileType = sourcecode.swift; path = Team.swift; sourceTree = "<group>"; };
		92AE00C42A3DAF190098C1BC /* URLComponents+Extension.swift */ = {isa = PBXFileReference; lastKnownFileType = sourcecode.swift; path = "URLComponents+Extension.swift"; sourceTree = "<group>"; };
/* End PBXFileReference section */

/* Begin PBXFrameworksBuildPhase section */
		92AE008A2A3C89F60098C1BC /* Frameworks */ = {
			isa = PBXFrameworksBuildPhase;
			buildActionMask = 2147483647;
			files = (
			);
			runOnlyForDeploymentPostprocessing = 0;
		};
/* End PBXFrameworksBuildPhase section */

/* Begin PBXGroup section */
		92AE00842A3C89F60098C1BC = {
			isa = PBXGroup;
			children = (
				92AE008F2A3C89F60098C1BC /* FootLeague */,
				92AE008E2A3C89F60098C1BC /* Products */,
			);
			sourceTree = "<group>";
		};
		92AE008E2A3C89F60098C1BC /* Products */ = {
			isa = PBXGroup;
			children = (
				92AE008D2A3C89F60098C1BC /* FootLeague.app */,
			);
			name = Products;
			sourceTree = "<group>";
		};
		92AE008F2A3C89F60098C1BC /* FootLeague */ = {
			isa = PBXGroup;
			children = (
				92AE00902A3C89F60098C1BC /* FootLeagueApp.swift */,
				92AE009E2A3C8A760098C1BC /* Models */,
				92AE00A02A3C8AC10098C1BC /* Views */,
				92AE009F2A3C8AB30098C1BC /* ViewModels */,
				92AE00942A3C89F80098C1BC /* Assets.xcassets */,
				92AE00962A3C89F80098C1BC /* Preview Content */,
			);
			path = FootLeague;
			sourceTree = "<group>";
		};
		92AE00962A3C89F80098C1BC /* Preview Content */ = {
			isa = PBXGroup;
			children = (
				92AE00972A3C89F80098C1BC /* Preview Assets.xcassets */,
			);
			path = "Preview Content";
			sourceTree = "<group>";
		};
		92AE009E2A3C8A760098C1BC /* Models */ = {
			isa = PBXGroup;
			children = (
				92AE00A12A3C8AE10098C1BC /* League.swift */,
				92AE00A52A3C8F990098C1BC /* Team.swift */,
				92AE00C42A3DAF190098C1BC /* URLComponents+Extension.swift */,
				926517042A41C9B3002FDFB2 /* UIApplication+Extension.swift */,
			);
			path = Models;
			sourceTree = "<group>";
		};
		92AE009F2A3C8AB30098C1BC /* ViewModels */ = {
			isa = PBXGroup;
			children = (
				92AE00A32A3C8BEA0098C1BC /* SoccerLeagueViewModel.swift */,
			);
			path = ViewModels;
			sourceTree = "<group>";
		};
		92AE00A02A3C8AC10098C1BC /* Views */ = {
			isa = PBXGroup;
			children = (
				92AE00922A3C89F60098C1BC /* ContentView.swift */,
				92844FF52A3F2E5900A10FAC /* DetailView.swift */,
			);
			path = Views;
			sourceTree = "<group>";
		};
/* End PBXGroup section */

/* Begin PBXNativeTarget section */
		92AE008C2A3C89F60098C1BC /* FootLeague */ = {
			isa = PBXNativeTarget;
			buildConfigurationList = 92AE009B2A3C89F80098C1BC /* Build configuration list for PBXNativeTarget "FootLeague" */;
			buildPhases = (
				92AE00892A3C89F60098C1BC /* Sources */,
				92AE008A2A3C89F60098C1BC /* Frameworks */,
				92AE008B2A3C89F60098C1BC /* Resources */,
			);
			buildRules = (
			);
			dependencies = (
			);
			name = FootLeague;
			productName = FootLeague;
			productReference = 92AE008D2A3C89F60098C1BC /* FootLeague.app */;
			productType = "com.apple.product-type.application";
		};
/* End PBXNativeTarget section */

/* Begin PBXProject section */
		92AE00852A3C89F60098C1BC /* Project object */ = {
			isa = PBXProject;
			attributes = {
				BuildIndependentTargetsInParallel = 1;
				LastSwiftUpdateCheck = 1420;
				LastUpgradeCheck = 1420;
				TargetAttributes = {
					92AE008C2A3C89F60098C1BC = {
						CreatedOnToolsVersion = 14.2;
					};
				};
			};
			buildConfigurationList = 92AE00882A3C89F60098C1BC /* Build configuration list for PBXProject "FootLeague" */;
			compatibilityVersion = "Xcode 14.0";
			developmentRegion = en;
			hasScannedForEncodings = 0;
			knownRegions = (
				en,
				Base,
			);
			mainGroup = 92AE00842A3C89F60098C1BC;
			productRefGroup = 92AE008E2A3C89F60098C1BC /* Products */;
			projectDirPath = "";
			projectRoot = "";
			targets = (
				92AE008C2A3C89F60098C1BC /* FootLeague */,
			);
		};
/* End PBXProject section */

/* Begin PBXResourcesBuildPhase section */
		92AE008B2A3C89F60098C1BC /* Resources */ = {
			isa = PBXResourcesBuildPhase;
			buildActionMask = 2147483647;
			files = (
				92AE00982A3C89F80098C1BC /* Preview Assets.xcassets in Resources */,
				92AE00952A3C89F80098C1BC /* Assets.xcassets in Resources */,
			);
			runOnlyForDeploymentPostprocessing = 0;
		};
/* End PBXResourcesBuildPhase section */

/* Begin PBXSourcesBuildPhase section */
		92AE00892A3C89F60098C1BC /* Sources */ = {
			isa = PBXSourcesBuildPhase;
			buildActionMask = 2147483647;
			files = (
				92AE00A42A3C8BEA0098C1BC /* SoccerLeagueViewModel.swift in Sources */,
				92AE00932A3C89F60098C1BC /* ContentView.swift in Sources */,
				926517052A41C9B3002FDFB2 /* UIApplication+Extension.swift in Sources */,
				92AE00A22A3C8AE10098C1BC /* League.swift in Sources */,
				92844FF62A3F2E5900A10FAC /* DetailView.swift in Sources */,
				92AE00A62A3C8F990098C1BC /* Team.swift in Sources */,
				92AE00912A3C89F60098C1BC /* FootLeagueApp.swift in Sources */,
				92AE00C52A3DAF190098C1BC /* URLComponents+Extension.swift in Sources */,
			);
			runOnlyForDeploymentPostprocessing = 0;
		};
/* End PBXSourcesBuildPhase section */

/* Begin XCBuildConfiguration section */
		92AE00992A3C89F80098C1BC /* Debug */ = {
			isa = XCBuildConfiguration;
			buildSettings = {
				ALWAYS_SEARCH_USER_PATHS = NO;
				CLANG_ANALYZER_NONNULL = YES;
				CLANG_ANALYZER_NUMBER_OBJECT_CONVERSION = YES_AGGRESSIVE;
				CLANG_CXX_LANGUAGE_STANDARD = "gnu++20";
				CLANG_ENABLE_MODULES = YES;
				CLANG_ENABLE_OBJC_ARC = YES;
				CLANG_ENABLE_OBJC_WEAK = YES;
				CLANG_WARN_BLOCK_CAPTURE_AUTORELEASING = YES;
				CLANG_WARN_BOOL_CONVERSION = YES;
				CLANG_WARN_COMMA = YES;
				CLANG_WARN_CONSTANT_CONVERSION = YES;
				CLANG_WARN_DEPRECATED_OBJC_IMPLEMENTATIONS = YES;
				CLANG_WARN_DIRECT_OBJC_ISA_USAGE = YES_ERROR;
				CLANG_WARN_DOCUMENTATION_COMMENTS = YES;
				CLANG_WARN_EMPTY_BODY = YES;
				CLANG_WARN_ENUM_CONVERSION = YES;
				CLANG_WARN_INFINITE_RECURSION = YES;
				CLANG_WARN_INT_CONVERSION = YES;
				CLANG_WARN_NON_LITERAL_NULL_CONVERSION = YES;
				CLANG_WARN_OBJC_IMPLICIT_RETAIN_SELF = YES;
				CLANG_WARN_OBJC_LITERAL_CONVERSION = YES;
				CLANG_WARN_OBJC_ROOT_CLASS = YES_ERROR;
				CLANG_WARN_QUOTED_INCLUDE_IN_FRAMEWORK_HEADER = YES;
				CLANG_WARN_RANGE_LOOP_ANALYSIS = YES;
				CLANG_WARN_STRICT_PROTOTYPES = YES;
				CLANG_WARN_SUSPICIOUS_MOVE = YES;
				CLANG_WARN_UNGUARDED_AVAILABILITY = YES_AGGRESSIVE;
				CLANG_WARN_UNREACHABLE_CODE = YES;
				CLANG_WARN__DUPLICATE_METHOD_MATCH = YES;
				COPY_PHASE_STRIP = NO;
				DEBUG_INFORMATION_FORMAT = dwarf;
				ENABLE_STRICT_OBJC_MSGSEND = YES;
				ENABLE_TESTABILITY = YES;
				GCC_C_LANGUAGE_STANDARD = gnu11;
				GCC_DYNAMIC_NO_PIC = NO;
				GCC_NO_COMMON_BLOCKS = YES;
				GCC_OPTIMIZATION_LEVEL = 0;
				GCC_PREPROCESSOR_DEFINITIONS = (
					"DEBUG=1",
					"$(inherited)",
				);
				GCC_WARN_64_TO_32_BIT_CONVERSION = YES;
				GCC_WARN_ABOUT_RETURN_TYPE = YES_ERROR;
				GCC_WARN_UNDECLARED_SELECTOR = YES;
				GCC_WARN_UNINITIALIZED_AUTOS = YES_AGGRESSIVE;
				GCC_WARN_UNUSED_FUNCTION = YES;
				GCC_WARN_UNUSED_VARIABLE = YES;
				IPHONEOS_DEPLOYMENT_TARGET = 16.2;
				MTL_ENABLE_DEBUG_INFO = INCLUDE_SOURCE;
				MTL_FAST_MATH = YES;
				ONLY_ACTIVE_ARCH = YES;
				SDKROOT = iphoneos;
				SWIFT_ACTIVE_COMPILATION_CONDITIONS = DEBUG;
				SWIFT_OPTIMIZATION_LEVEL = "-Onone";
			};
			name = Debug;
		};
		92AE009A2A3C89F80098C1BC /* Release */ = {
			isa = XCBuildConfiguration;
			buildSettings = {
				ALWAYS_SEARCH_USER_PATHS = NO;
				CLANG_ANALYZER_NONNULL = YES;
				CLANG_ANALYZER_NUMBER_OBJECT_CONVERSION = YES_AGGRESSIVE;
				CLANG_CXX_LANGUAGE_STANDARD = "gnu++20";
				CLANG_ENABLE_MODULES = YES;
				CLANG_ENABLE_OBJC_ARC = YES;
				CLANG_ENABLE_OBJC_WEAK = YES;
				CLANG_WARN_BLOCK_CAPTURE_AUTORELEASING = YES;
				CLANG_WARN_BOOL_CONVERSION = YES;
				CLANG_WARN_COMMA = YES;
				CLANG_WARN_CONSTANT_CONVERSION = YES;
				CLANG_WARN_DEPRECATED_OBJC_IMPLEMENTATIONS = YES;
				CLANG_WARN_DIRECT_OBJC_ISA_USAGE = YES_ERROR;
				CLANG_WARN_DOCUMENTATION_COMMENTS = YES;
				CLANG_WARN_EMPTY_BODY = YES;
				CLANG_WARN_ENUM_CONVERSION = YES;
				CLANG_WARN_INFINITE_RECURSION = YES;
				CLANG_WARN_INT_CONVERSION = YES;
				CLANG_WARN_NON_LITERAL_NULL_CONVERSION = YES;
				CLANG_WARN_OBJC_IMPLICIT_RETAIN_SELF = YES;
				CLANG_WARN_OBJC_LITERAL_CONVERSION = YES;
				CLANG_WARN_OBJC_ROOT_CLASS = YES_ERROR;
				CLANG_WARN_QUOTED_INCLUDE_IN_FRAMEWORK_HEADER = YES;
				CLANG_WARN_RANGE_LOOP_ANALYSIS = YES;
				CLANG_WARN_STRICT_PROTOTYPES = YES;
				CLANG_WARN_SUSPICIOUS_MOVE = YES;
				CLANG_WARN_UNGUARDED_AVAILABILITY = YES_AGGRESSIVE;
				CLANG_WARN_UNREACHABLE_CODE = YES;
				CLANG_WARN__DUPLICATE_METHOD_MATCH = YES;
				COPY_PHASE_STRIP = NO;
				DEBUG_INFORMATION_FORMAT = "dwarf-with-dsym";
				ENABLE_NS_ASSERTIONS = NO;
				ENABLE_STRICT_OBJC_MSGSEND = YES;
				GCC_C_LANGUAGE_STANDARD = gnu11;
				GCC_NO_COMMON_BLOCKS = YES;
				GCC_WARN_64_TO_32_BIT_CONVERSION = YES;
				GCC_WARN_ABOUT_RETURN_TYPE = YES_ERROR;
				GCC_WARN_UNDECLARED_SELECTOR = YES;
				GCC_WARN_UNINITIALIZED_AUTOS = YES_AGGRESSIVE;
				GCC_WARN_UNUSED_FUNCTION = YES;
				GCC_WARN_UNUSED_VARIABLE = YES;
				IPHONEOS_DEPLOYMENT_TARGET = 16.2;
				MTL_ENABLE_DEBUG_INFO = NO;
				MTL_FAST_MATH = YES;
				SDKROOT = iphoneos;
				SWIFT_COMPILATION_MODE = wholemodule;
				SWIFT_OPTIMIZATION_LEVEL = "-O";
				VALIDATE_PRODUCT = YES;
			};
			name = Release;
		};
		92AE009C2A3C89F80098C1BC /* Debug */ = {
			isa = XCBuildConfiguration;
			buildSettings = {
				ASSETCATALOG_COMPILER_APPICON_NAME = AppIcon;
				ASSETCATALOG_COMPILER_GLOBAL_ACCENT_COLOR_NAME = AccentColor;
				CODE_SIGN_STYLE = Automatic;
				CURRENT_PROJECT_VERSION = 1;
				DEVELOPMENT_ASSET_PATHS = "\"FootLeague/Preview Content\"";
				DEVELOPMENT_TEAM = 48SG7ZG46A;
				ENABLE_PREVIEWS = YES;
				GENERATE_INFOPLIST_FILE = YES;
				INFOPLIST_KEY_UIApplicationSceneManifest_Generation = YES;
				INFOPLIST_KEY_UIApplicationSupportsIndirectInputEvents = YES;
				INFOPLIST_KEY_UILaunchScreen_Generation = YES;
				INFOPLIST_KEY_UISupportedInterfaceOrientations_iPad = "UIInterfaceOrientationPortrait UIInterfaceOrientationPortraitUpsideDown UIInterfaceOrientationLandscapeLeft UIInterfaceOrientationLandscapeRight";
				INFOPLIST_KEY_UISupportedInterfaceOrientations_iPhone = "UIInterfaceOrientationPortrait UIInterfaceOrientationLandscapeLeft UIInterfaceOrientationLandscapeRight";
				LD_RUNPATH_SEARCH_PATHS = (
					"$(inherited)",
					"@executable_path/Frameworks",
				);
				MARKETING_VERSION = 1.0;
				PRODUCT_BUNDLE_IDENTIFIER = AristideLAUGA.FootLeague;
				PRODUCT_NAME = "$(TARGET_NAME)";
				SWIFT_EMIT_LOC_STRINGS = YES;
				SWIFT_VERSION = 5.0;
				TARGETED_DEVICE_FAMILY = "1,2";
			};
			name = Debug;
		};
		92AE009D2A3C89F80098C1BC /* Release */ = {
			isa = XCBuildConfiguration;
			buildSettings = {
				ASSETCATALOG_COMPILER_APPICON_NAME = AppIcon;
				ASSETCATALOG_COMPILER_GLOBAL_ACCENT_COLOR_NAME = AccentColor;
				CODE_SIGN_STYLE = Automatic;
				CURRENT_PROJECT_VERSION = 1;
				DEVELOPMENT_ASSET_PATHS = "\"FootLeague/Preview Content\"";
				DEVELOPMENT_TEAM = 48SG7ZG46A;
				ENABLE_PREVIEWS = YES;
				GENERATE_INFOPLIST_FILE = YES;
				INFOPLIST_KEY_UIApplicationSceneManifest_Generation = YES;
				INFOPLIST_KEY_UIApplicationSupportsIndirectInputEvents = YES;
				INFOPLIST_KEY_UILaunchScreen_Generation = YES;
				INFOPLIST_KEY_UISupportedInterfaceOrientations_iPad = "UIInterfaceOrientationPortrait UIInterfaceOrientationPortraitUpsideDown UIInterfaceOrientationLandscapeLeft UIInterfaceOrientationLandscapeRight";
				INFOPLIST_KEY_UISupportedInterfaceOrientations_iPhone = "UIInterfaceOrientationPortrait UIInterfaceOrientationLandscapeLeft UIInterfaceOrientationLandscapeRight";
				LD_RUNPATH_SEARCH_PATHS = (
					"$(inherited)",
					"@executable_path/Frameworks",
				);
				MARKETING_VERSION = 1.0;
				PRODUCT_BUNDLE_IDENTIFIER = AristideLAUGA.FootLeague;
				PRODUCT_NAME = "$(TARGET_NAME)";
				SWIFT_EMIT_LOC_STRINGS = YES;
				SWIFT_VERSION = 5.0;
				TARGETED_DEVICE_FAMILY = "1,2";
			};
			name = Release;
		};
/* End XCBuildConfiguration section */

/* Begin XCConfigurationList section */
		92AE00882A3C89F60098C1BC /* Build configuration list for PBXProject "FootLeague" */ = {
			isa = XCConfigurationList;
			buildConfigurations = (
				92AE00992A3C89F80098C1BC /* Debug */,
				92AE009A2A3C89F80098C1BC /* Release */,
			);
			defaultConfigurationIsVisible = 0;
			defaultConfigurationName = Release;
		};
		92AE009B2A3C89F80098C1BC /* Build configuration list for PBXNativeTarget "FootLeague" */ = {
			isa = XCConfigurationList;
			buildConfigurations = (
				92AE009C2A3C89F80098C1BC /* Debug */,
				92AE009D2A3C89F80098C1BC /* Release */,
			);
			defaultConfigurationIsVisible = 0;
			defaultConfigurationName = Release;
		};
/* End XCConfigurationList section */
	};
	rootObject = 92AE00852A3C89F60098C1BC /* Project object */;
}
